{
  "requires": true,
  "lockfileVersion": 1,
  "dependencies": {
    "@mdi/font": {
      "version": "4.2.95",
      "resolved": "https://registry.npmjs.org/@mdi/font/-/font-4.2.95.tgz",
      "integrity": "sha512-pCJ9hR8yQH1tMk6KTZYfJsZkI/XQ1rR9Fe/q50ATDDVUoDk7Wl7n9WqT6dYWn0mnCLgrTQl/WNjyrnTo5rKu+A=="
    }
  }
}
